// !$*UTF8*$!
{
	archiveVersion = 1;
	classes = {
	};
	objectVersion = 46;
	objects = {

/* Begin PBXBuildFile section */
		CB207BA71C7FF6D60009BF52 /* main.m in Sources */ = {isa = PBXBuildFile; fileRef = CB207BA61C7FF6D60009BF52 /* main.m */; };
		CB207BAA1C7FF6D60009BF52 /* AppDelegate.m in Sources */ = {isa = PBXBuildFile; fileRef = CB207BA91C7FF6D60009BF52 /* AppDelegate.m */; };
		CB207BAD1C7FF6D60009BF52 /* ViewController.m in Sources */ = {isa = PBXBuildFile; fileRef = CB207BAC1C7FF6D60009BF52 /* ViewController.m */; };
		CB207BB01C7FF6D60009BF52 /* Main.storyboard in Resources */ = {isa = PBXBuildFile; fileRef = CB207BAE1C7FF6D60009BF52 /* Main.storyboard */; };
		CB207BB21C7FF6D60009BF52 /* Assets.xcassets in Resources */ = {isa = PBXBuildFile; fileRef = CB207BB11C7FF6D60009BF52 /* Assets.xcassets */; };
		CB207BB51C7FF6D60009BF52 /* LaunchScreen.storyboard in Resources */ = {isa = PBXBuildFile; fileRef = CB207BB31C7FF6D60009BF52 /* LaunchScreen.storyboard */; };
/* End PBXBuildFile section */

/* Begin PBXFileReference section */
		CB207BA21C7FF6D60009BF52 /* 测试.app */ = {isa = PBXFileReference; explicitFileType = wrapper.application; includeInIndex = 0; path = "测试.app"; sourceTree = BUILT_PRODUCTS_DIR; };
		CB207BA61C7FF6D60009BF52 /* main.m */ = {isa = PBXFileReference; lastKnownFileType = sourcecode.c.objc; path = main.m; sourceTree = "<group>"; };
		CB207BA81C7FF6D60009BF52 /* AppDelegate.h */ = {isa = PBXFileReference; lastKnownFileType = sourcecode.c.h; path = AppDelegate.h; sourceTree = "<group>"; };
		CB207BA91C7FF6D60009BF52 /* AppDelegate.m */ = {isa = PBXFileReference; lastKnownFileType = sourcecode.c.objc; path = AppDelegate.m; sourceTree = "<group>"; };
		CB207BAB1C7FF6D60009BF52 /* ViewController.h */ = {isa = PBXFileReference; lastKnownFileType = sourcecode.c.h; path = ViewController.h; sourceTree = "<group>"; };
		CB207BAC1C7FF6D60009BF52 /* ViewController.m */ = {isa = PBXFileReference; lastKnownFileType = sourcecode.c.objc; path = ViewController.m; sourceTree = "<group>"; };
		CB207BAF1C7FF6D60009BF52 /* Base */ = {isa = PBXFileReference; lastKnownFileType = file.storyboard; name = Base; path = Base.lproj/Main.storyboard; sourceTree = "<group>"; };
		CB207BB11C7FF6D60009BF52 /* Assets.xcassets */ = {isa = PBXFileReference; lastKnownFileType = folder.assetcatalog; path = Assets.xcassets; sourceTree = "<group>"; };
		CB207BB41C7FF6D60009BF52 /* Base */ = {isa = PBXFileReference; lastKnownFileType = file.storyboard; name = Base; path = Base.lproj/LaunchScreen.storyboard; sourceTree = "<group>"; };
		CB207BB61C7FF6D60009BF52 /* Info.plist */ = {isa = PBXFileReference; lastKnownFileType = text.plist.xml; path = Info.plist; sourceTree = "<group>"; };
/* End PBXFileReference section */

/* Begin PBXFrameworksBuildPhase section */
		CB207B9F1C7FF6D60009BF52 /* Frameworks */ = {
			isa = PBXFrameworksBuildPhase;
			buildActionMask = 2147483647;
			files = (
			);
			runOnlyForDeploymentPostprocessing = 0;
		};
/* End PBXFrameworksBuildPhase section */

/* Begin PBXGroup section */
		CB207B991C7FF6D60009BF52 = {
			isa = PBXGroup;
			children = (
				CB207BA41C7FF6D60009BF52 /* 测试 */,
				CB207BA31C7FF6D60009BF52 /* Products */,
			);
			sourceTree = "<group>";
		};
		CB207BA31C7FF6D60009BF52 /* Products */ = {
			isa = PBXGroup;
			children = (
				CB207BA21C7FF6D60009BF52 /* 测试.app */,
			);
			name = Products;
			sourceTree = "<group>";
		};
		CB207BA41C7FF6D60009BF52 /* 测试 */ = {
			isa = PBXGroup;
			children = (
				CB207BA81C7FF6D60009BF52 /* AppDelegate.h */,
				CB207BA91C7FF6D60009BF52 /* AppDelegate.m */,
				CB207BAB1C7FF6D60009BF52 /* ViewController.h */,
				CB207BAC1C7FF6D60009BF52 /* ViewController.m */,
				CB207BAE1C7FF6D60009BF52 /* Main.storyboard */,
				CB207BB11C7FF6D60009BF52 /* Assets.xcassets */,
				CB207BB31C7FF6D60009BF52 /* LaunchScreen.storyboard */,
				CB207BB61C7FF6D60009BF52 /* Info.plist */,
				CB207BA51C7FF6D60009BF52 /* Supporting Files */,
			);
			path = "测试";
			sourceTree = "<group>";
		};
		CB207BA51C7FF6D60009BF52 /* Supporting Files */ = {
			isa = PBXGroup;
			children = (
				CB207BA61C7FF6D60009BF52 /* main.m */,
			);
			name = "Supporting Files";
			sourceTree = "<group>";
		};
/* End PBXGroup section */

/* Begin PBXNativeTarget section */
		CB207BA11C7FF6D60009BF52 /* 测试 */ = {
			isa = PBXNativeTarget;
			buildConfigurationList = CB207BB91C7FF6D60009BF52 /* Build configuration list for PBXNativeTarget "测试" */;
			buildPhases = (
				CB207B9E1C7FF6D60009BF52 /* Sources */,
				CB207B9F1C7FF6D60009BF52 /* Frameworks */,
				CB207BA01C7FF6D60009BF52 /* Resources */,
			);
			buildRules = (
			);
			dependencies = (
			);
			name = "测试";
			productName = "测试";
			productReference = CB207BA21C7FF6D60009BF52 /* 测试.app */;
			productType = "com.apple.product-type.application";
		};
/* End PBXNativeTarget section */

/* Begin PBXProject section */
		CB207B9A1C7FF6D60009BF52 /* Project object */ = {
			isa = PBXProject;
			attributes = {
				LastUpgradeCheck = 0720;
				ORGANIZATIONNAME = "mac--姚应龙";
				TargetAttributes = {
					CB207BA11C7FF6D60009BF52 = {
						CreatedOnToolsVersion = 7.2.1;
						DevelopmentTeam = ZDJS8T69H3;
					};
				};
			};
			buildConfigurationList = CB207B9D1C7FF6D60009BF52 /* Build configuration list for PBXProject "测试" */;
			compatibilityVersion = "Xcode 3.2";
			developmentRegion = English;
			hasScannedForEncodings = 0;
			knownRegions = (
				en,
				Base,
			);
			mainGroup = CB207B991C7FF6D60009BF52;
			productRefGroup = CB207BA31C7FF6D60009BF52 /* Products */;
			projectDirPath = "";
			projectRoot = "";
			targets = (
				CB207BA11C7FF6D60009BF52 /* 测试 */,
			);
		};
/* End PBXProject section */

/* Begin PBXResourcesBuildPhase section */
		CB207BA01C7FF6D60009BF52 /* Resources */ = {
			isa = PBXResourcesBuildPhase;
			buildActionMask = 2147483647;
			files = (
				CB207BB51C7FF6D60009BF52 /* LaunchScreen.storyboard in Resources */,
				CB207BB21C7FF6D60009BF52 /* Assets.xcassets in Resources */,
				CB207BB01C7FF6D60009BF52 /* Main.storyboard in Resources */,
			);
			runOnlyForDeploymentPostprocessing = 0;
		};
/* End PBXResourcesBuildPhase section */

/* Begin PBXSourcesBuildPhase section */
		CB207B9E1C7FF6D60009BF52 /* Sources */ = {
			isa = PBXSourcesBuildPhase;
			buildActionMask = 2147483647;
			files = (
				CB207BAD1C7FF6D60009BF52 /* ViewController.m in Sources */,
				CB207BAA1C7FF6D60009BF52 /* AppDelegate.m in Sources */,
				CB207BA71C7FF6D60009BF52 /* main.m in Sources */,
			);
			runOnlyForDeploymentPostprocessing = 0;
		};
/* End PBXSourcesBuildPhase section */

/* Begin PBXVariantGroup section */
		CB207BAE1C7FF6D60009BF52 /* Main.storyboard */ = {
			isa = PBXVariantGroup;
			children = (
				CB207BAF1C7FF6D60009BF52 /* Base */,
			);
			name = Main.storyboard;
			sourceTree = "<group>";
		};
		CB207BB31C7FF6D60009BF52 /* LaunchScreen.storyboard */ = {
			isa = PBXVariantGroup;
			children = (
				CB207BB41C7FF6D60009BF52 /* Base */,
			);
			name = LaunchScreen.storyboard;
			sourceTree = "<group>";
		};
/* End PBXVariantGroup section */

/* Begin XCBuildConfiguration section */
		CB207BB71C7FF6D60009BF52 /* Debug */ = {
			isa = XCBuildConfiguration;
			buildSettings = {
				ALWAYS_SEARCH_USER_PATHS = NO;
				CLANG_CXX_LANGUAGE_STANDARD = "gnu++0x";
				CLANG_CXX_LIBRARY = "libc++";
				CLANG_ENABLE_MODULES = YES;
				CLANG_ENABLE_OBJC_ARC = YES;
				CLANG_WARN_BOOL_CONVERSION = YES;
				CLANG_WARN_CONSTANT_CONVERSION = YES;
				CLANG_WARN_DIRECT_OBJC_ISA_USAGE = YES_ERROR;
				CLANG_WARN_EMPTY_BODY = YES;
				CLANG_WARN_ENUM_CONVERSION = YES;
				CLANG_WARN_INT_CONVERSION = YES;
				CLANG_WARN_OBJC_ROOT_CLASS = YES_ERROR;
				CLANG_WARN_UNREACHABLE_CODE = YES;
				CLANG_WARN__DUPLICATE_METHOD_MATCH = YES;
				"CODE_SIGN_IDENTITY[sdk=iphoneos*]" = "iPhone Developer";
				COPY_PHASE_STRIP = NO;
				DEBUG_INFORMATION_FORMAT = dwarf;
				ENABLE_STRICT_OBJC_MSGSEND = YES;
				ENABLE_TESTABILITY = YES;
				GCC_C_LANGUAGE_STANDARD = gnu99;
				GCC_DYNAMIC_NO_PIC = NO;
				GCC_NO_COMMON_BLOCKS = YES;
				GCC_OPTIMIZATION_LEVEL = 0;
				GCC_PREPROCESSOR_DEFINITIONS = (
					"DEBUG=1",
					"$(inherited)",
				);
				GCC_WARN_64_TO_32_BIT_CONVERSION = YES;
				GCC_WARN_ABOUT_RETURN_TYPE = YES_ERROR;
				GCC_WARN_UNDECLARED_SELECTOR = YES;
				GCC_WARN_UNINITIALIZED_AUTOS = YES_AGGRESSIVE;
				GCC_WARN_UNUSED_FUNCTION = YES;
				GCC_WARN_UNUSED_VARIABLE = YES;
				IPHONEOS_DEPLOYMENT_TARGET = 9.2;
				MTL_ENABLE_DEBUG_INFO = YES;
				ONLY_ACTIVE_ARCH = YES;
				SDKROOT = iphoneos;
			};
			name = Debug;
		};
		CB207BB81C7FF6D60009BF52 /* Release */ = {
			isa = XCBuildConfiguration;
			buildSettings = {
				ALWAYS_SEARCH_USER_PATHS = NO;
				CLANG_CXX_LANGUAGE_STANDARD = "gnu++0x";
				CLANG_CXX_LIBRARY = "libc++";
				CLANG_ENABLE_MODULES = YES;
				CLANG_ENABLE_OBJC_ARC = YES;
				CLANG_WARN_BOOL_CONVERSION = YES;
				CLANG_WARN_CONSTANT_CONVERSION = YES;
				CLANG_WARN_DIRECT_OBJC_ISA_USAGE = YES_ERROR;
				CLANG_WARN_EMPTY_BODY = YES;
				CLANG_WARN_ENUM_CONVERSION = YES;
				CLANG_WARN_INT_CONVERSION = YES;
				CLANG_WARN_OBJC_ROOT_CLASS = YES_ERROR;
				CLANG_WARN_UNREACHABLE_CODE = YES;
				CLANG_WARN__DUPLICATE_METHOD_MATCH = YES;
				"CODE_SIGN_IDENTITY[sdk=iphoneos*]" = "iPhone Developer";
				COPY_PHASE_STRIP = NO;
				DEBUG_INFORMATION_FORMAT = "dwarf-with-dsym";
				ENABLE_NS_ASSERTIONS = NO;
				ENABLE_STRICT_OBJC_MSGSEND = YES;
				GCC_C_LANGUAGE_STANDARD = gnu99;
				GCC_NO_COMMON_BLOCKS = YES;
				GCC_WARN_64_TO_32_BIT_CONVERSION = YES;
				GCC_WARN_ABOUT_RETURN_TYPE = YES_ERROR;
				GCC_WARN_UNDECLARED_SELECTOR = YES;
				GCC_WARN_UNINITIALIZED_AUTOS = YES_AGGRESSIVE;
				GCC_WARN_UNUSED_FUNCTION = YES;
				GCC_WARN_UNUSED_VARIABLE = YES;
				IPHONEOS_DEPLOYMENT_TARGET = 9.2;
				MTL_ENABLE_DEBUG_INFO = NO;
				SDKROOT = iphoneos;
				VALIDATE_PRODUCT = YES;
			};
			name = Release;
		};
		CB207BBA1C7FF6D60009BF52 /* Debug */ = {
			isa = XCBuildConfiguration;
			buildSettings = {
				ASSETCATALOG_COMPILER_APPICON_NAME = AppIcon;
				INFOPLIST_FILE = "测试/Info.plist";
				LD_RUNPATH_SEARCH_PATHS = "$(inherited) @executable_path/Frameworks";
				PRODUCT_BUNDLE_IDENTIFIER = "-11.--";
				PRODUCT_NAME = "$(TARGET_NAME)";
			};
			name = Debug;
		};
		CB207BBB1C7FF6D60009BF52 /* Release */ = {
			isa = XCBuildConfiguration;
			buildSettings = {
				ASSETCATALOG_COMPILER_APPICON_NAME = AppIcon;
				INFOPLIST_FILE = "测试/Info.plist";
				LD_RUNPATH_SEARCH_PATHS = "$(inherited) @executable_path/Frameworks";
				PRODUCT_BUNDLE_IDENTIFIER = "-11.--";
				PRODUCT_NAME = "$(TARGET_NAME)";
			};
			name = Release;
		};
/* End XCBuildConfiguration section */

/* Begin XCConfigurationList section */
		CB207B9D1C7FF6D60009BF52 /* Build configuration list for PBXProject "测试" */ = {
			isa = XCConfigurationList;
			buildConfigurations = (
				CB207BB71C7FF6D60009BF52 /* Debug */,
				CB207BB81C7FF6D60009BF52 /* Release */,
			);
			defaultConfigurationIsVisible = 0;
			defaultConfigurationName = Release;
		};
		CB207BB91C7FF6D60009BF52 /* Build configuration list for PBXNativeTarget "测试" */ = {
			isa = XCConfigurationList;
			buildConfigurations = (
				CB207BBA1C7FF6D60009BF52 /* Debug */,
				CB207BBB1C7FF6D60009BF52 /* Release */,
			);
			defaultConfigurationIsVisible = 0;
		};
/* End XCConfigurationList section */
	};
	rootObject = CB207B9A1C7FF6D60009BF52 /* Project object */;
}
